// !$*UTF8*$!
{
	archiveVersion = 1;
	classes = {
	};
	objectVersion = 55;
	objects = {

/* Begin PBXBuildFile section */
		5C0DEE53285B2D8D00395723 /* AppDelegate.swift in Sources */ = {isa = PBXBuildFile; fileRef = 5C0DEE52285B2D8D00395723 /* AppDelegate.swift */; };
		5C0DEE55285B2D8D00395723 /* SceneDelegate.swift in Sources */ = {isa = PBXBuildFile; fileRef = 5C0DEE54285B2D8D00395723 /* SceneDelegate.swift */; };
		5C0DEE57285B2D8D00395723 /* ViewController.swift in Sources */ = {isa = PBXBuildFile; fileRef = 5C0DEE56285B2D8D00395723 /* ViewController.swift */; };
		5C0DEE5A285B2D8D00395723 /* Main.storyboard in Resources */ = {isa = PBXBuildFile; fileRef = 5C0DEE58285B2D8D00395723 /* Main.storyboard */; };
		5C0DEE5D285B2D8D00395723 /* ProjectSuatuHari.xcdatamodeld in Sources */ = {isa = PBXBuildFile; fileRef = 5C0DEE5B285B2D8D00395723 /* ProjectSuatuHari.xcdatamodeld */; };
		5C0DEE5F285B2D8D00395723 /* Assets.xcassets in Resources */ = {isa = PBXBuildFile; fileRef = 5C0DEE5E285B2D8D00395723 /* Assets.xcassets */; };
		5C0DEE62285B2D8D00395723 /* LaunchScreen.storyboard in Resources */ = {isa = PBXBuildFile; fileRef = 5C0DEE60285B2D8D00395723 /* LaunchScreen.storyboard */; };
		5C1FF034285B804900A2AEF9 /* buttonsound.wav in Resources */ = {isa = PBXBuildFile; fileRef = 5C1FF032285B804900A2AEF9 /* buttonsound.wav */; };
		5C1FF035285B804900A2AEF9 /* nextactivitysound.wav in Resources */ = {isa = PBXBuildFile; fileRef = 5C1FF033285B804900A2AEF9 /* nextactivitysound.wav */; };
		5C1FF037285B807D00A2AEF9 /* SoundController.swift in Sources */ = {isa = PBXBuildFile; fileRef = 5C1FF036285B807D00A2AEF9 /* SoundController.swift */; };
		5C1FF039285B83A600A2AEF9 /* Story.storyboard in Resources */ = {isa = PBXBuildFile; fileRef = 5C1FF038285B83A600A2AEF9 /* Story.storyboard */; };
		5C1FF03B285B83C600A2AEF9 /* StoryxViewController.swift in Sources */ = {isa = PBXBuildFile; fileRef = 5C1FF03A285B83C600A2AEF9 /* StoryxViewController.swift */; };
		5C1FF03D285B8D9300A2AEF9 /* Story4ViewController.swift in Sources */ = {isa = PBXBuildFile; fileRef = 5C1FF03C285B8D9300A2AEF9 /* Story4ViewController.swift */; };
		5C3CB7DD28630CA0007EECF6 /* Story1ViewController.swift in Sources */ = {isa = PBXBuildFile; fileRef = 5C3CB7DC28630CA0007EECF6 /* Story1ViewController.swift */; };
		5C3CB7E1286362C9007EECF6 /* Story3ViewController.swift in Sources */ = {isa = PBXBuildFile; fileRef = 5C3CB7E0286362C9007EECF6 /* Story3ViewController.swift */; };
		5C3CB7E5286376A1007EECF6 /* PopUp1ViewController.swift in Sources */ = {isa = PBXBuildFile; fileRef = 5C3CB7E4286376A1007EECF6 /* PopUp1ViewController.swift */; };
		5C491DA02863814000FB6DF1 /* PopUp1BelumBehasilViewController.swift in Sources */ = {isa = PBXBuildFile; fileRef = 5C491D9F2863814000FB6DF1 /* PopUp1BelumBehasilViewController.swift */; };
		5C547F28285B9BAC006EBFDF /* Story2ViewController.swift in Sources */ = {isa = PBXBuildFile; fileRef = 5C547F27285B9BAC006EBFDF /* Story2ViewController.swift */; };
		5C764E0F286456C9009338F9 /* StorySoundController.swift in Sources */ = {isa = PBXBuildFile; fileRef = 5C764E0E286456C9009338F9 /* StorySoundController.swift */; };
		5C764E11286456E1009338F9 /* wrong.wav in Resources */ = {isa = PBXBuildFile; fileRef = 5C764E10286456E1009338F9 /* wrong.wav */; };
/* End PBXBuildFile section */

/* Begin PBXFileReference section */
		5C0DEE4F285B2D8D00395723 /* ProjectSuatuHari.app */ = {isa = PBXFileReference; explicitFileType = wrapper.application; includeInIndex = 0; path = ProjectSuatuHari.app; sourceTree = BUILT_PRODUCTS_DIR; };
		5C0DEE52285B2D8D00395723 /* AppDelegate.swift */ = {isa = PBXFileReference; lastKnownFileType = sourcecode.swift; path = AppDelegate.swift; sourceTree = "<group>"; };
		5C0DEE54285B2D8D00395723 /* SceneDelegate.swift */ = {isa = PBXFileReference; lastKnownFileType = sourcecode.swift; path = SceneDelegate.swift; sourceTree = "<group>"; };
		5C0DEE56285B2D8D00395723 /* ViewController.swift */ = {isa = PBXFileReference; lastKnownFileType = sourcecode.swift; path = ViewController.swift; sourceTree = "<group>"; };
		5C0DEE59285B2D8D00395723 /* Base */ = {isa = PBXFileReference; lastKnownFileType = file.storyboard; name = Base; path = Base.lproj/Main.storyboard; sourceTree = "<group>"; };
		5C0DEE5C285B2D8D00395723 /* ProjectSuatuHari.xcdatamodel */ = {isa = PBXFileReference; lastKnownFileType = wrapper.xcdatamodel; path = ProjectSuatuHari.xcdatamodel; sourceTree = "<group>"; };
		5C0DEE5E285B2D8D00395723 /* Assets.xcassets */ = {isa = PBXFileReference; lastKnownFileType = folder.assetcatalog; path = Assets.xcassets; sourceTree = "<group>"; };
		5C0DEE61285B2D8D00395723 /* Base */ = {isa = PBXFileReference; lastKnownFileType = file.storyboard; name = Base; path = Base.lproj/LaunchScreen.storyboard; sourceTree = "<group>"; };
		5C0DEE63285B2D8D00395723 /* Info.plist */ = {isa = PBXFileReference; lastKnownFileType = text.plist.xml; path = Info.plist; sourceTree = "<group>"; };
		5C1FF032285B804900A2AEF9 /* buttonsound.wav */ = {isa = PBXFileReference; lastKnownFileType = audio.wav; path = buttonsound.wav; sourceTree = "<group>"; };
		5C1FF033285B804900A2AEF9 /* nextactivitysound.wav */ = {isa = PBXFileReference; lastKnownFileType = audio.wav; path = nextactivitysound.wav; sourceTree = "<group>"; };
		5C1FF036285B807D00A2AEF9 /* SoundController.swift */ = {isa = PBXFileReference; lastKnownFileType = sourcecode.swift; path = SoundController.swift; sourceTree = "<group>"; };
		5C1FF038285B83A600A2AEF9 /* Story.storyboard */ = {isa = PBXFileReference; lastKnownFileType = file.storyboard; path = Story.storyboard; sourceTree = "<group>"; };
		5C1FF03A285B83C600A2AEF9 /* StoryxViewController.swift */ = {isa = PBXFileReference; lastKnownFileType = sourcecode.swift; path = StoryxViewController.swift; sourceTree = "<group>"; };
		5C1FF03C285B8D9300A2AEF9 /* Story4ViewController.swift */ = {isa = PBXFileReference; lastKnownFileType = sourcecode.swift; path = Story4ViewController.swift; sourceTree = "<group>"; };
		5C3CB7DC28630CA0007EECF6 /* Story1ViewController.swift */ = {isa = PBXFileReference; lastKnownFileType = sourcecode.swift; path = Story1ViewController.swift; sourceTree = "<group>"; };
		5C3CB7E0286362C9007EECF6 /* Story3ViewController.swift */ = {isa = PBXFileReference; lastKnownFileType = sourcecode.swift; path = Story3ViewController.swift; sourceTree = "<group>"; };
		5C3CB7E4286376A1007EECF6 /* PopUp1ViewController.swift */ = {isa = PBXFileReference; lastKnownFileType = sourcecode.swift; path = PopUp1ViewController.swift; sourceTree = "<group>"; };
		5C491D9F2863814000FB6DF1 /* PopUp1BelumBehasilViewController.swift */ = {isa = PBXFileReference; lastKnownFileType = sourcecode.swift; path = PopUp1BelumBehasilViewController.swift; sourceTree = "<group>"; };
		5C547F27285B9BAC006EBFDF /* Story2ViewController.swift */ = {isa = PBXFileReference; lastKnownFileType = sourcecode.swift; path = Story2ViewController.swift; sourceTree = "<group>"; };
		5C764E0E286456C9009338F9 /* StorySoundController.swift */ = {isa = PBXFileReference; lastKnownFileType = sourcecode.swift; path = StorySoundController.swift; sourceTree = "<group>"; };
		5C764E10286456E1009338F9 /* wrong.wav */ = {isa = PBXFileReference; lastKnownFileType = audio.wav; path = wrong.wav; sourceTree = "<group>"; };
/* End PBXFileReference section */

/* Begin PBXFrameworksBuildPhase section */
		5C0DEE4C285B2D8D00395723 /* Frameworks */ = {
			isa = PBXFrameworksBuildPhase;
			buildActionMask = 2147483647;
			files = (
			);
			runOnlyForDeploymentPostprocessing = 0;
		};
/* End PBXFrameworksBuildPhase section */

/* Begin PBXGroup section */
		5C0DEE46285B2D8D00395723 = {
			isa = PBXGroup;
			children = (
				5C0DEE51285B2D8D00395723 /* ProjectSuatuHari */,
				5C0DEE50285B2D8D00395723 /* Products */,
			);
			sourceTree = "<group>";
		};
		5C0DEE50285B2D8D00395723 /* Products */ = {
			isa = PBXGroup;
			children = (
				5C0DEE4F285B2D8D00395723 /* ProjectSuatuHari.app */,
			);
			name = Products;
			sourceTree = "<group>";
		};
		5C0DEE51285B2D8D00395723 /* ProjectSuatuHari */ = {
			isa = PBXGroup;
			children = (
				5C1FF031285B801C00A2AEF9 /* SoundEffect */,
				5C0DEE6D285B2DE100395723 /* Character */,
				5C0DEE6C285B2DD000395723 /* Home */,
				5C0DEE6B285B2DC500395723 /* LearningCheckpoint */,
				5C0DEE6A285B2DBF00395723 /* Story */,
				5C0DEE69285B2DB000395723 /* ParentalGuidelines */,
				5C0DEE52285B2D8D00395723 /* AppDelegate.swift */,
				5C0DEE54285B2D8D00395723 /* SceneDelegate.swift */,
				5C0DEE5E285B2D8D00395723 /* Assets.xcassets */,
				5C0DEE60285B2D8D00395723 /* LaunchScreen.storyboard */,
				5C0DEE63285B2D8D00395723 /* Info.plist */,
				5C0DEE5B285B2D8D00395723 /* ProjectSuatuHari.xcdatamodeld */,
			);
			path = ProjectSuatuHari;
			sourceTree = "<group>";
		};
		5C0DEE69285B2DB000395723 /* ParentalGuidelines */ = {
			isa = PBXGroup;
			children = (
			);
			path = ParentalGuidelines;
			sourceTree = "<group>";
		};
		5C0DEE6A285B2DBF00395723 /* Story */ = {
			isa = PBXGroup;
			children = (
				5C764E0D286456B0009338F9 /* SoundEffectStory */,
				5C1FF038285B83A600A2AEF9 /* Story.storyboard */,
				5C1FF03A285B83C600A2AEF9 /* StoryxViewController.swift */,
				5C1FF03C285B8D9300A2AEF9 /* Story4ViewController.swift */,
				5C547F27285B9BAC006EBFDF /* Story2ViewController.swift */,
				5C3CB7DC28630CA0007EECF6 /* Story1ViewController.swift */,
				5C3CB7E0286362C9007EECF6 /* Story3ViewController.swift */,
				5C3CB7E4286376A1007EECF6 /* PopUp1ViewController.swift */,
				5C491D9F2863814000FB6DF1 /* PopUp1BelumBehasilViewController.swift */,
			);
			path = Story;
			sourceTree = "<group>";
		};
		5C0DEE6B285B2DC500395723 /* LearningCheckpoint */ = {
			isa = PBXGroup;
			children = (
			);
			path = LearningCheckpoint;
			sourceTree = "<group>";
		};
		5C0DEE6C285B2DD000395723 /* Home */ = {
			isa = PBXGroup;
			children = (
				5C0DEE58285B2D8D00395723 /* Main.storyboard */,
				5C0DEE56285B2D8D00395723 /* ViewController.swift */,
			);
			path = Home;
			sourceTree = "<group>";
		};
		5C0DEE6D285B2DE100395723 /* Character */ = {
			isa = PBXGroup;
			children = (
			);
			path = Character;
			sourceTree = "<group>";
		};
		5C1FF031285B801C00A2AEF9 /* SoundEffect */ = {
			isa = PBXGroup;
			children = (
				5C1FF032285B804900A2AEF9 /* buttonsound.wav */,
				5C1FF033285B804900A2AEF9 /* nextactivitysound.wav */,
				5C1FF036285B807D00A2AEF9 /* SoundController.swift */,
			);
			path = SoundEffect;
			sourceTree = "<group>";
		};
		5C764E0D286456B0009338F9 /* SoundEffectStory */ = {
			isa = PBXGroup;
			children = (
				5C764E10286456E1009338F9 /* wrong.wav */,
				5C764E0E286456C9009338F9 /* StorySoundController.swift */,
			);
			path = SoundEffectStory;
			sourceTree = "<group>";
		};
/* End PBXGroup section */

/* Begin PBXNativeTarget section */
		5C0DEE4E285B2D8D00395723 /* ProjectSuatuHari */ = {
			isa = PBXNativeTarget;
			buildConfigurationList = 5C0DEE66285B2D8D00395723 /* Build configuration list for PBXNativeTarget "ProjectSuatuHari" */;
			buildPhases = (
				5C0DEE4B285B2D8D00395723 /* Sources */,
				5C0DEE4C285B2D8D00395723 /* Frameworks */,
				5C0DEE4D285B2D8D00395723 /* Resources */,
			);
			buildRules = (
			);
			dependencies = (
			);
			name = ProjectSuatuHari;
			productName = ProjectSuatuHari;
			productReference = 5C0DEE4F285B2D8D00395723 /* ProjectSuatuHari.app */;
			productType = "com.apple.product-type.application";
		};
/* End PBXNativeTarget section */

/* Begin PBXProject section */
		5C0DEE47285B2D8D00395723 /* Project object */ = {
			isa = PBXProject;
			attributes = {
				BuildIndependentTargetsInParallel = 1;
				LastSwiftUpdateCheck = 1340;
				LastUpgradeCheck = 1340;
				TargetAttributes = {
					5C0DEE4E285B2D8D00395723 = {
						CreatedOnToolsVersion = 13.4;
					};
				};
			};
			buildConfigurationList = 5C0DEE4A285B2D8D00395723 /* Build configuration list for PBXProject "ProjectSuatuHari" */;
			compatibilityVersion = "Xcode 13.0";
			developmentRegion = en;
			hasScannedForEncodings = 0;
			knownRegions = (
				en,
				Base,
			);
			mainGroup = 5C0DEE46285B2D8D00395723;
			productRefGroup = 5C0DEE50285B2D8D00395723 /* Products */;
			projectDirPath = "";
			projectRoot = "";
			targets = (
				5C0DEE4E285B2D8D00395723 /* ProjectSuatuHari */,
			);
		};
/* End PBXProject section */

/* Begin PBXResourcesBuildPhase section */
		5C0DEE4D285B2D8D00395723 /* Resources */ = {
			isa = PBXResourcesBuildPhase;
			buildActionMask = 2147483647;
			files = (
				5C1FF039285B83A600A2AEF9 /* Story.storyboard in Resources */,
				5C1FF034285B804900A2AEF9 /* buttonsound.wav in Resources */,
				5C0DEE62285B2D8D00395723 /* LaunchScreen.storyboard in Resources */,
				5C764E11286456E1009338F9 /* wrong.wav in Resources */,
				5C0DEE5F285B2D8D00395723 /* Assets.xcassets in Resources */,
				5C1FF035285B804900A2AEF9 /* nextactivitysound.wav in Resources */,
				5C0DEE5A285B2D8D00395723 /* Main.storyboard in Resources */,
			);
			runOnlyForDeploymentPostprocessing = 0;
		};
/* End PBXResourcesBuildPhase section */

/* Begin PBXSourcesBuildPhase section */
		5C0DEE4B285B2D8D00395723 /* Sources */ = {
			isa = PBXSourcesBuildPhase;
			buildActionMask = 2147483647;
			files = (
				5C3CB7E1286362C9007EECF6 /* Story3ViewController.swift in Sources */,
				5C3CB7DD28630CA0007EECF6 /* Story1ViewController.swift in Sources */,
				5C764E0F286456C9009338F9 /* StorySoundController.swift in Sources */,
				5C491DA02863814000FB6DF1 /* PopUp1BelumBehasilViewController.swift in Sources */,
				5C1FF03B285B83C600A2AEF9 /* StoryxViewController.swift in Sources */,
				5C0DEE57285B2D8D00395723 /* ViewController.swift in Sources */,
				5C1FF037285B807D00A2AEF9 /* SoundController.swift in Sources */,
				5C547F28285B9BAC006EBFDF /* Story2ViewController.swift in Sources */,
				5C0DEE53285B2D8D00395723 /* AppDelegate.swift in Sources */,
				5C0DEE5D285B2D8D00395723 /* ProjectSuatuHari.xcdatamodeld in Sources */,
				5C3CB7E5286376A1007EECF6 /* PopUp1ViewController.swift in Sources */,
				5C1FF03D285B8D9300A2AEF9 /* Story4ViewController.swift in Sources */,
				5C0DEE55285B2D8D00395723 /* SceneDelegate.swift in Sources */,
			);
			runOnlyForDeploymentPostprocessing = 0;
		};
/* End PBXSourcesBuildPhase section */

/* Begin PBXVariantGroup section */
		5C0DEE58285B2D8D00395723 /* Main.storyboard */ = {
			isa = PBXVariantGroup;
			children = (
				5C0DEE59285B2D8D00395723 /* Base */,
			);
			name = Main.storyboard;
			sourceTree = "<group>";
		};
		5C0DEE60285B2D8D00395723 /* LaunchScreen.storyboard */ = {
			isa = PBXVariantGroup;
			children = (
				5C0DEE61285B2D8D00395723 /* Base */,
			);
			name = LaunchScreen.storyboard;
			sourceTree = "<group>";
		};
/* End PBXVariantGroup section */

/* Begin XCBuildConfiguration section */
		5C0DEE64285B2D8D00395723 /* Debug */ = {
			isa = XCBuildConfiguration;
			buildSettings = {
				ALWAYS_SEARCH_USER_PATHS = NO;
				CLANG_ANALYZER_NONNULL = YES;
				CLANG_ANALYZER_NUMBER_OBJECT_CONVERSION = YES_AGGRESSIVE;
				CLANG_CXX_LANGUAGE_STANDARD = "gnu++17";
				CLANG_ENABLE_MODULES = YES;
				CLANG_ENABLE_OBJC_ARC = YES;
				CLANG_ENABLE_OBJC_WEAK = YES;
				CLANG_WARN_BLOCK_CAPTURE_AUTORELEASING = YES;
				CLANG_WARN_BOOL_CONVERSION = YES;
				CLANG_WARN_COMMA = YES;
				CLANG_WARN_CONSTANT_CONVERSION = YES;
				CLANG_WARN_DEPRECATED_OBJC_IMPLEMENTATIONS = YES;
				CLANG_WARN_DIRECT_OBJC_ISA_USAGE = YES_ERROR;
				CLANG_WARN_DOCUMENTATION_COMMENTS = YES;
				CLANG_WARN_EMPTY_BODY = YES;
				CLANG_WARN_ENUM_CONVERSION = YES;
				CLANG_WARN_INFINITE_RECURSION = YES;
				CLANG_WARN_INT_CONVERSION = YES;
				CLANG_WARN_NON_LITERAL_NULL_CONVERSION = YES;
				CLANG_WARN_OBJC_IMPLICIT_RETAIN_SELF = YES;
				CLANG_WARN_OBJC_LITERAL_CONVERSION = YES;
				CLANG_WARN_OBJC_ROOT_CLASS = YES_ERROR;
				CLANG_WARN_QUOTED_INCLUDE_IN_FRAMEWORK_HEADER = YES;
				CLANG_WARN_RANGE_LOOP_ANALYSIS = YES;
				CLANG_WARN_STRICT_PROTOTYPES = YES;
				CLANG_WARN_SUSPICIOUS_MOVE = YES;
				CLANG_WARN_UNGUARDED_AVAILABILITY = YES_AGGRESSIVE;
				CLANG_WARN_UNREACHABLE_CODE = YES;
				CLANG_WARN__DUPLICATE_METHOD_MATCH = YES;
				COPY_PHASE_STRIP = NO;
				DEBUG_INFORMATION_FORMAT = dwarf;
				ENABLE_STRICT_OBJC_MSGSEND = YES;
				ENABLE_TESTABILITY = YES;
				GCC_C_LANGUAGE_STANDARD = gnu11;
				GCC_DYNAMIC_NO_PIC = NO;
				GCC_NO_COMMON_BLOCKS = YES;
				GCC_OPTIMIZATION_LEVEL = 0;
				GCC_PREPROCESSOR_DEFINITIONS = (
					"DEBUG=1",
					"$(inherited)",
				);
				GCC_WARN_64_TO_32_BIT_CONVERSION = YES;
				GCC_WARN_ABOUT_RETURN_TYPE = YES_ERROR;
				GCC_WARN_UNDECLARED_SELECTOR = YES;
				GCC_WARN_UNINITIALIZED_AUTOS = YES_AGGRESSIVE;
				GCC_WARN_UNUSED_FUNCTION = YES;
				GCC_WARN_UNUSED_VARIABLE = YES;
				IPHONEOS_DEPLOYMENT_TARGET = 15.5;
				MTL_ENABLE_DEBUG_INFO = INCLUDE_SOURCE;
				MTL_FAST_MATH = YES;
				ONLY_ACTIVE_ARCH = YES;
				SDKROOT = iphoneos;
				SWIFT_ACTIVE_COMPILATION_CONDITIONS = DEBUG;
				SWIFT_OPTIMIZATION_LEVEL = "-Onone";
			};
			name = Debug;
		};
		5C0DEE65285B2D8D00395723 /* Release */ = {
			isa = XCBuildConfiguration;
			buildSettings = {
				ALWAYS_SEARCH_USER_PATHS = NO;
				CLANG_ANALYZER_NONNULL = YES;
				CLANG_ANALYZER_NUMBER_OBJECT_CONVERSION = YES_AGGRESSIVE;
				CLANG_CXX_LANGUAGE_STANDARD = "gnu++17";
				CLANG_ENABLE_MODULES = YES;
				CLANG_ENABLE_OBJC_ARC = YES;
				CLANG_ENABLE_OBJC_WEAK = YES;
				CLANG_WARN_BLOCK_CAPTURE_AUTORELEASING = YES;
				CLANG_WARN_BOOL_CONVERSION = YES;
				CLANG_WARN_COMMA = YES;
				CLANG_WARN_CONSTANT_CONVERSION = YES;
				CLANG_WARN_DEPRECATED_OBJC_IMPLEMENTATIONS = YES;
				CLANG_WARN_DIRECT_OBJC_ISA_USAGE = YES_ERROR;
				CLANG_WARN_DOCUMENTATION_COMMENTS = YES;
				CLANG_WARN_EMPTY_BODY = YES;
				CLANG_WARN_ENUM_CONVERSION = YES;
				CLANG_WARN_INFINITE_RECURSION = YES;
				CLANG_WARN_INT_CONVERSION = YES;
				CLANG_WARN_NON_LITERAL_NULL_CONVERSION = YES;
				CLANG_WARN_OBJC_IMPLICIT_RETAIN_SELF = YES;
				CLANG_WARN_OBJC_LITERAL_CONVERSION = YES;
				CLANG_WARN_OBJC_ROOT_CLASS = YES_ERROR;
				CLANG_WARN_QUOTED_INCLUDE_IN_FRAMEWORK_HEADER = YES;
				CLANG_WARN_RANGE_LOOP_ANALYSIS = YES;
				CLANG_WARN_STRICT_PROTOTYPES = YES;
				CLANG_WARN_SUSPICIOUS_MOVE = YES;
				CLANG_WARN_UNGUARDED_AVAILABILITY = YES_AGGRESSIVE;
				CLANG_WARN_UNREACHABLE_CODE = YES;
				CLANG_WARN__DUPLICATE_METHOD_MATCH = YES;
				COPY_PHASE_STRIP = NO;
				DEBUG_INFORMATION_FORMAT = "dwarf-with-dsym";
				ENABLE_NS_ASSERTIONS = NO;
				ENABLE_STRICT_OBJC_MSGSEND = YES;
				GCC_C_LANGUAGE_STANDARD = gnu11;
				GCC_NO_COMMON_BLOCKS = YES;
				GCC_WARN_64_TO_32_BIT_CONVERSION = YES;
				GCC_WARN_ABOUT_RETURN_TYPE = YES_ERROR;
				GCC_WARN_UNDECLARED_SELECTOR = YES;
				GCC_WARN_UNINITIALIZED_AUTOS = YES_AGGRESSIVE;
				GCC_WARN_UNUSED_FUNCTION = YES;
				GCC_WARN_UNUSED_VARIABLE = YES;
				IPHONEOS_DEPLOYMENT_TARGET = 15.5;
				MTL_ENABLE_DEBUG_INFO = NO;
				MTL_FAST_MATH = YES;
				SDKROOT = iphoneos;
				SWIFT_COMPILATION_MODE = wholemodule;
				SWIFT_OPTIMIZATION_LEVEL = "-O";
				VALIDATE_PRODUCT = YES;
			};
			name = Release;
		};
		5C0DEE67285B2D8D00395723 /* Debug */ = {
			isa = XCBuildConfiguration;
			buildSettings = {
				ASSETCATALOG_COMPILER_APPICON_NAME = AppIcon;
				ASSETCATALOG_COMPILER_GLOBAL_ACCENT_COLOR_NAME = AccentColor;
				CODE_SIGN_STYLE = Automatic;
				CURRENT_PROJECT_VERSION = 1;
				DEVELOPMENT_TEAM = JJ9DN4FZJC;
				GENERATE_INFOPLIST_FILE = YES;
				INFOPLIST_FILE = ProjectSuatuHari/Info.plist;
				INFOPLIST_KEY_UIApplicationSupportsIndirectInputEvents = YES;
				INFOPLIST_KEY_UILaunchStoryboardName = LaunchScreen;
				INFOPLIST_KEY_UIMainStoryboardFile = Main;
				INFOPLIST_KEY_UISupportedInterfaceOrientations = "";
				INFOPLIST_KEY_UISupportedInterfaceOrientations_iPad = "UIInterfaceOrientationPortrait UIInterfaceOrientationPortraitUpsideDown UIInterfaceOrientationLandscapeLeft UIInterfaceOrientationLandscapeRight";
				INFOPLIST_KEY_UISupportedInterfaceOrientations_iPhone = "UIInterfaceOrientationPortrait UIInterfaceOrientationLandscapeLeft UIInterfaceOrientationLandscapeRight";
				IPHONEOS_DEPLOYMENT_TARGET = 15.4;
				LD_RUNPATH_SEARCH_PATHS = (
					"$(inherited)",
					"@executable_path/Frameworks",
				);
				MARKETING_VERSION = 1.0;
				PRODUCT_BUNDLE_IDENTIFIER = ADA.ProjectSuatuHari;
				PRODUCT_NAME = "$(TARGET_NAME)";
				SWIFT_EMIT_LOC_STRINGS = YES;
				SWIFT_VERSION = 5.0;
				TARGETED_DEVICE_FAMILY = "1,2";
			};
			name = Debug;
		};
		5C0DEE68285B2D8D00395723 /* Release */ = {
			isa = XCBuildConfiguration;
			buildSettings = {
				ASSETCATALOG_COMPILER_APPICON_NAME = AppIcon;
				ASSETCATALOG_COMPILER_GLOBAL_ACCENT_COLOR_NAME = AccentColor;
				CODE_SIGN_STYLE = Automatic;
				CURRENT_PROJECT_VERSION = 1;
				DEVELOPMENT_TEAM = JJ9DN4FZJC;
				GENERATE_INFOPLIST_FILE = YES;
				INFOPLIST_FILE = ProjectSuatuHari/Info.plist;
				INFOPLIST_KEY_UIApplicationSupportsIndirectInputEvents = YES;
				INFOPLIST_KEY_UILaunchStoryboardName = LaunchScreen;
				INFOPLIST_KEY_UIMainStoryboardFile = Main;
				INFOPLIST_KEY_UISupportedInterfaceOrientations = "";
				INFOPLIST_KEY_UISupportedInterfaceOrientations_iPad = "UIInterfaceOrientationPortrait UIInterfaceOrientationPortraitUpsideDown UIInterfaceOrientationLandscapeLeft UIInterfaceOrientationLandscapeRight";
				INFOPLIST_KEY_UISupportedInterfaceOrientations_iPhone = "UIInterfaceOrientationPortrait UIInterfaceOrientationLandscapeLeft UIInterfaceOrientationLandscapeRight";
				IPHONEOS_DEPLOYMENT_TARGET = 15.4;
				LD_RUNPATH_SEARCH_PATHS = (
					"$(inherited)",
					"@executable_path/Frameworks",
				);
				MARKETING_VERSION = 1.0;
				PRODUCT_BUNDLE_IDENTIFIER = ADA.ProjectSuatuHari;
				PRODUCT_NAME = "$(TARGET_NAME)";
				SWIFT_EMIT_LOC_STRINGS = YES;
				SWIFT_VERSION = 5.0;
				TARGETED_DEVICE_FAMILY = "1,2";
			};
			name = Release;
		};
/* End XCBuildConfiguration section */

/* Begin XCConfigurationList section */
		5C0DEE4A285B2D8D00395723 /* Build configuration list for PBXProject "ProjectSuatuHari" */ = {
			isa = XCConfigurationList;
			buildConfigurations = (
				5C0DEE64285B2D8D00395723 /* Debug */,
				5C0DEE65285B2D8D00395723 /* Release */,
			);
			defaultConfigurationIsVisible = 0;
			defaultConfigurationName = Release;
		};
		5C0DEE66285B2D8D00395723 /* Build configuration list for PBXNativeTarget "ProjectSuatuHari" */ = {
			isa = XCConfigurationList;
			buildConfigurations = (
				5C0DEE67285B2D8D00395723 /* Debug */,
				5C0DEE68285B2D8D00395723 /* Release */,
			);
			defaultConfigurationIsVisible = 0;
			defaultConfigurationName = Release;
		};
/* End XCConfigurationList section */

/* Begin XCVersionGroup section */
		5C0DEE5B285B2D8D00395723 /* ProjectSuatuHari.xcdatamodeld */ = {
			isa = XCVersionGroup;
			children = (
				5C0DEE5C285B2D8D00395723 /* ProjectSuatuHari.xcdatamodel */,
			);
			currentVersion = 5C0DEE5C285B2D8D00395723 /* ProjectSuatuHari.xcdatamodel */;
			path = ProjectSuatuHari.xcdatamodeld;
			sourceTree = "<group>";
			versionGroupType = wrapper.xcdatamodel;
		};
/* End XCVersionGroup section */
	};
	rootObject = 5C0DEE47285B2D8D00395723 /* Project object */;
}
